
Microsoft Visual Studio Solution File, Format Version 12.00
# Visual Studio Version 17
VisualStudioVersion = 17.3.32825.248
MinimumVisualStudioVersion = 10.0.40219.1
Project("{FAE04EC0-301F-11D3-BF4B-00C04F79EFBC}") = "Streamish", "Streamish\Streamish.csproj", "{7F87416D-F1CD-414F-B3C3-5C6D8FB69970}"
EndProject
Global
	GlobalSection(SolutionConfigurationPlatforms) = preSolution
		Debug|Any CPU = Debug|Any CPU
		Release|Any CPU = Release|Any CPU
	EndGlobalSection
	GlobalSection(ProjectConfigurationPlatforms) = postSolution
		{7F87416D-F1CD-414F-B3C3-5C6D8FB69970}.Debug|Any CPU.ActiveCfg = Debug|Any CPU
		{7F87416D-F1CD-414F-B3C3-5C6D8FB69970}.Debug|Any CPU.Build.0 = Debug|Any CPU
		{7F87416D-F1CD-414F-B3C3-5C6D8FB69970}.Release|Any CPU.ActiveCfg = Release|Any CPU
		{7F87416D-F1CD-414F-B3C3-5C6D8FB69970}.Release|Any CPU.Build.0 = Release|Any CPU
	EndGlobalSection
	GlobalSection(SolutionProperties) = preSolution
		HideSolutionNode = FALSE
	EndGlobalSection
	GlobalSection(ExtensibilityGlobals) = postSolution
		SolutionGuid = {9E3BCCBD-76AA-4241-B3D5-6C84519198E6}
	EndGlobalSection
EndGlobal
